
Microsoft Visual Studio Solution File, Format Version 12.00
# Visual Studio 2013
VisualStudioVersion = 12.0.31101.0
MinimumVisualStudioVersion = 10.0.40219.1
Project("{FAE04EC0-301F-11D3-BF4B-00C04F79EFBC}") = "XamarinDDDTemplate", "XamarinDDDTemplate\XamarinDDDTemplate\XamarinDDDTemplate.csproj", "{A2AA6F79-FA9C-40C6-BFE4-6EF8DD41EC9A}"
EndProject
Project("{FAE04EC0-301F-11D3-BF4B-00C04F79EFBC}") = "XamarinDDDTemplate.iOS", "XamarinDDDTemplate\XamarinDDDTemplate.iOS\XamarinDDDTemplate.iOS.csproj", "{C7549DCC-4D93-4E48-872C-5595F480051D}"
EndProject
Project("{FAE04EC0-301F-11D3-BF4B-00C04F79EFBC}") = "XamarinDDDTemplate.Droid", "XamarinDDDTemplate\XamarinDDDTemplate.Droid\XamarinDDDTemplate.Droid.csproj", "{968E3F4A-D974-4142-ADB6-F2107C24E9D3}"
EndProject
Project("{FAE04EC0-301F-11D3-BF4B-00C04F79EFBC}") = "XamarinDDDTemplate.WinPhone", "XamarinDDDTemplate\XamarinDDDTemplate.WinPhone\XamarinDDDTemplate.WinPhone.csproj", "{619EB341-382C-4DAB-928D-3EE80FC06D8B}"
EndProject
Project("{2150E333-8FDC-42A3-9474-1A3956D46DE8}") = "Xamarin", "Xamarin", "{D97C4DF4-DBE1-41A9-AE65-834AA70F399B}"
EndProject
Project("{2150E333-8FDC-42A3-9474-1A3956D46DE8}") = "Others", "Others", "{C30252BD-AAB2-41D0-9806-A998CA429A93}"
EndProject
Project("{FAE04EC0-301F-11D3-BF4B-00C04F79EFBC}") = "XamarinDDDTemplate.Infrastructure", "XamarinDDDTemplate.Infrastructure\XamarinDDDTemplate.Infrastructure.csproj", "{0FDAD0A8-650C-4E5D-A9CE-89190246B4B9}"
EndProject
Project("{FAE04EC0-301F-11D3-BF4B-00C04F79EFBC}") = "XamarinDDDTemplate.Domain", "XamarinDDDTemplate.Domain\XamarinDDDTemplate.Domain.csproj", "{5C919FC4-AABC-401E-B2DB-4B98DC8BD3B5}"
EndProject
Project("{FAE04EC0-301F-11D3-BF4B-00C04F79EFBC}") = "XamarinDDDTemplate.Services", "XamarinDDDTemplate.Services\XamarinDDDTemplate.Services.csproj", "{00F7E7F4-4AFE-4EA4-A815-EBBDB62C291E}"
EndProject
Global
	GlobalSection(SolutionConfigurationPlatforms) = preSolution
		Ad-Hoc|Any CPU = Ad-Hoc|Any CPU
		Ad-Hoc|ARM = Ad-Hoc|ARM
		Ad-Hoc|iPhone = Ad-Hoc|iPhone
		Ad-Hoc|iPhoneSimulator = Ad-Hoc|iPhoneSimulator
		Ad-Hoc|Mixed Platforms = Ad-Hoc|Mixed Platforms
		Ad-Hoc|x86 = Ad-Hoc|x86
		AppStore|Any CPU = AppStore|Any CPU
		AppStore|ARM = AppStore|ARM
		AppStore|iPhone = AppStore|iPhone
		AppStore|iPhoneSimulator = AppStore|iPhoneSimulator
		AppStore|Mixed Platforms = AppStore|Mixed Platforms
		AppStore|x86 = AppStore|x86
		Debug|Any CPU = Debug|Any CPU
		Debug|ARM = Debug|ARM
		Debug|iPhone = Debug|iPhone
		Debug|iPhoneSimulator = Debug|iPhoneSimulator
		Debug|Mixed Platforms = Debug|Mixed Platforms
		Debug|x86 = Debug|x86
		Release|Any CPU = Release|Any CPU
		Release|ARM = Release|ARM
		Release|iPhone = Release|iPhone
		Release|iPhoneSimulator = Release|iPhoneSimulator
		Release|Mixed Platforms = Release|Mixed Platforms
		Release|x86 = Release|x86
	EndGlobalSection
	GlobalSection(ProjectConfigurationPlatforms) = postSolution
		{A2AA6F79-FA9C-40C6-BFE4-6EF8DD41EC9A}.Ad-Hoc|Any CPU.ActiveCfg = Release|Any CPU
		{A2AA6F79-FA9C-40C6-BFE4-6EF8DD41EC9A}.Ad-Hoc|Any CPU.Build.0 = Release|Any CPU
		{A2AA6F79-FA9C-40C6-BFE4-6EF8DD41EC9A}.Ad-Hoc|ARM.ActiveCfg = Release|Any CPU
		{A2AA6F79-FA9C-40C6-BFE4-6EF8DD41EC9A}.Ad-Hoc|iPhone.ActiveCfg = Release|Any CPU
		{A2AA6F79-FA9C-40C6-BFE4-6EF8DD41EC9A}.Ad-Hoc|iPhoneSimulator.ActiveCfg = Release|Any CPU
		{A2AA6F79-FA9C-40C6-BFE4-6EF8DD41EC9A}.Ad-Hoc|Mixed Platforms.ActiveCfg = Release|Any CPU
		{A2AA6F79-FA9C-40C6-BFE4-6EF8DD41EC9A}.Ad-Hoc|Mixed Platforms.Build.0 = Release|Any CPU
		{A2AA6F79-FA9C-40C6-BFE4-6EF8DD41EC9A}.Ad-Hoc|x86.ActiveCfg = Release|Any CPU
		{A2AA6F79-FA9C-40C6-BFE4-6EF8DD41EC9A}.AppStore|Any CPU.ActiveCfg = Release|Any CPU
		{A2AA6F79-FA9C-40C6-BFE4-6EF8DD41EC9A}.AppStore|Any CPU.Build.0 = Release|Any CPU
		{A2AA6F79-FA9C-40C6-BFE4-6EF8DD41EC9A}.AppStore|ARM.ActiveCfg = Release|Any CPU
		{A2AA6F79-FA9C-40C6-BFE4-6EF8DD41EC9A}.AppStore|iPhone.ActiveCfg = Release|Any CPU
		{A2AA6F79-FA9C-40C6-BFE4-6EF8DD41EC9A}.AppStore|iPhoneSimulator.ActiveCfg = Release|Any CPU
		{A2AA6F79-FA9C-40C6-BFE4-6EF8DD41EC9A}.AppStore|Mixed Platforms.ActiveCfg = Release|Any CPU
		{A2AA6F79-FA9C-40C6-BFE4-6EF8DD41EC9A}.AppStore|Mixed Platforms.Build.0 = Release|Any CPU
		{A2AA6F79-FA9C-40C6-BFE4-6EF8DD41EC9A}.AppStore|x86.ActiveCfg = Release|Any CPU
		{A2AA6F79-FA9C-40C6-BFE4-6EF8DD41EC9A}.Debug|Any CPU.ActiveCfg = Debug|Any CPU
		{A2AA6F79-FA9C-40C6-BFE4-6EF8DD41EC9A}.Debug|Any CPU.Build.0 = Debug|Any CPU
		{A2AA6F79-FA9C-40C6-BFE4-6EF8DD41EC9A}.Debug|ARM.ActiveCfg = Debug|Any CPU
		{A2AA6F79-FA9C-40C6-BFE4-6EF8DD41EC9A}.Debug|iPhone.ActiveCfg = Debug|Any CPU
		{A2AA6F79-FA9C-40C6-BFE4-6EF8DD41EC9A}.Debug|iPhoneSimulator.ActiveCfg = Debug|Any CPU
		{A2AA6F79-FA9C-40C6-BFE4-6EF8DD41EC9A}.Debug|Mixed Platforms.ActiveCfg = Debug|Any CPU
		{A2AA6F79-FA9C-40C6-BFE4-6EF8DD41EC9A}.Debug|Mixed Platforms.Build.0 = Debug|Any CPU
		{A2AA6F79-FA9C-40C6-BFE4-6EF8DD41EC9A}.Debug|x86.ActiveCfg = Debug|Any CPU
		{A2AA6F79-FA9C-40C6-BFE4-6EF8DD41EC9A}.Release|Any CPU.ActiveCfg = Release|Any CPU
		{A2AA6F79-FA9C-40C6-BFE4-6EF8DD41EC9A}.Release|Any CPU.Build.0 = Release|Any CPU
		{A2AA6F79-FA9C-40C6-BFE4-6EF8DD41EC9A}.Release|ARM.ActiveCfg = Release|Any CPU
		{A2AA6F79-FA9C-40C6-BFE4-6EF8DD41EC9A}.Release|iPhone.ActiveCfg = Release|Any CPU
		{A2AA6F79-FA9C-40C6-BFE4-6EF8DD41EC9A}.Release|iPhoneSimulator.ActiveCfg = Release|Any CPU
		{A2AA6F79-FA9C-40C6-BFE4-6EF8DD41EC9A}.Release|Mixed Platforms.ActiveCfg = Release|Any CPU
		{A2AA6F79-FA9C-40C6-BFE4-6EF8DD41EC9A}.Release|Mixed Platforms.Build.0 = Release|Any CPU
		{A2AA6F79-FA9C-40C6-BFE4-6EF8DD41EC9A}.Release|x86.ActiveCfg = Release|Any CPU
		{C7549DCC-4D93-4E48-872C-5595F480051D}.Ad-Hoc|Any CPU.ActiveCfg = Ad-Hoc|iPhone
		{C7549DCC-4D93-4E48-872C-5595F480051D}.Ad-Hoc|ARM.ActiveCfg = Ad-Hoc|iPhone
		{C7549DCC-4D93-4E48-872C-5595F480051D}.Ad-Hoc|iPhone.ActiveCfg = Ad-Hoc|iPhone
		{C7549DCC-4D93-4E48-872C-5595F480051D}.Ad-Hoc|iPhone.Build.0 = Ad-Hoc|iPhone
		{C7549DCC-4D93-4E48-872C-5595F480051D}.Ad-Hoc|iPhoneSimulator.ActiveCfg = Ad-Hoc|iPhoneSimulator
		{C7549DCC-4D93-4E48-872C-5595F480051D}.Ad-Hoc|iPhoneSimulator.Build.0 = Ad-Hoc|iPhoneSimulator
		{C7549DCC-4D93-4E48-872C-5595F480051D}.Ad-Hoc|Mixed Platforms.ActiveCfg = Ad-Hoc|iPhone
		{C7549DCC-4D93-4E48-872C-5595F480051D}.Ad-Hoc|Mixed Platforms.Build.0 = Ad-Hoc|iPhone
		{C7549DCC-4D93-4E48-872C-5595F480051D}.Ad-Hoc|x86.ActiveCfg = Ad-Hoc|iPhone
		{C7549DCC-4D93-4E48-872C-5595F480051D}.AppStore|Any CPU.ActiveCfg = AppStore|iPhone
		{C7549DCC-4D93-4E48-872C-5595F480051D}.AppStore|ARM.ActiveCfg = AppStore|iPhone
		{C7549DCC-4D93-4E48-872C-5595F480051D}.AppStore|iPhone.ActiveCfg = AppStore|iPhone
		{C7549DCC-4D93-4E48-872C-5595F480051D}.AppStore|iPhone.Build.0 = AppStore|iPhone
		{C7549DCC-4D93-4E48-872C-5595F480051D}.AppStore|iPhoneSimulator.ActiveCfg = AppStore|iPhoneSimulator
		{C7549DCC-4D93-4E48-872C-5595F480051D}.AppStore|iPhoneSimulator.Build.0 = AppStore|iPhoneSimulator
		{C7549DCC-4D93-4E48-872C-5595F480051D}.AppStore|Mixed Platforms.ActiveCfg = AppStore|iPhone
		{C7549DCC-4D93-4E48-872C-5595F480051D}.AppStore|Mixed Platforms.Build.0 = AppStore|iPhone
		{C7549DCC-4D93-4E48-872C-5595F480051D}.AppStore|x86.ActiveCfg = AppStore|iPhone
		{C7549DCC-4D93-4E48-872C-5595F480051D}.Debug|Any CPU.ActiveCfg = Debug|iPhone
		{C7549DCC-4D93-4E48-872C-5595F480051D}.Debug|ARM.ActiveCfg = Debug|iPhone
		{C7549DCC-4D93-4E48-872C-5595F480051D}.Debug|iPhone.ActiveCfg = Debug|iPhone
		{C7549DCC-4D93-4E48-872C-5595F480051D}.Debug|iPhone.Build.0 = Debug|iPhone
		{C7549DCC-4D93-4E48-872C-5595F480051D}.Debug|iPhoneSimulator.ActiveCfg = Debug|iPhoneSimulator
		{C7549DCC-4D93-4E48-872C-5595F480051D}.Debug|iPhoneSimulator.Build.0 = Debug|iPhoneSimulator
		{C7549DCC-4D93-4E48-872C-5595F480051D}.Debug|Mixed Platforms.ActiveCfg = Debug|iPhone
		{C7549DCC-4D93-4E48-872C-5595F480051D}.Debug|Mixed Platforms.Build.0 = Debug|iPhone
		{C7549DCC-4D93-4E48-872C-5595F480051D}.Debug|x86.ActiveCfg = Debug|iPhone
		{C7549DCC-4D93-4E48-872C-5595F480051D}.Release|Any CPU.ActiveCfg = Release|iPhone
		{C7549DCC-4D93-4E48-872C-5595F480051D}.Release|ARM.ActiveCfg = Release|iPhone
		{C7549DCC-4D93-4E48-872C-5595F480051D}.Release|iPhone.ActiveCfg = Release|iPhone
		{C7549DCC-4D93-4E48-872C-5595F480051D}.Release|iPhone.Build.0 = Release|iPhone
		{C7549DCC-4D93-4E48-872C-5595F480051D}.Release|iPhoneSimulator.ActiveCfg = Release|iPhoneSimulator
		{C7549DCC-4D93-4E48-872C-5595F480051D}.Release|iPhoneSimulator.Build.0 = Release|iPhoneSimulator
		{C7549DCC-4D93-4E48-872C-5595F480051D}.Release|Mixed Platforms.ActiveCfg = Release|iPhone
		{C7549DCC-4D93-4E48-872C-5595F480051D}.Release|Mixed Platforms.Build.0 = Release|iPhone
		{C7549DCC-4D93-4E48-872C-5595F480051D}.Release|x86.ActiveCfg = Release|iPhone
		{968E3F4A-D974-4142-ADB6-F2107C24E9D3}.Ad-Hoc|Any CPU.ActiveCfg = Release|Any CPU
		{968E3F4A-D974-4142-ADB6-F2107C24E9D3}.Ad-Hoc|Any CPU.Build.0 = Release|Any CPU
		{968E3F4A-D974-4142-ADB6-F2107C24E9D3}.Ad-Hoc|Any CPU.Deploy.0 = Release|Any CPU
		{968E3F4A-D974-4142-ADB6-F2107C24E9D3}.Ad-Hoc|ARM.ActiveCfg = Release|Any CPU
		{968E3F4A-D974-4142-ADB6-F2107C24E9D3}.Ad-Hoc|iPhone.ActiveCfg = Release|Any CPU
		{968E3F4A-D974-4142-ADB6-F2107C24E9D3}.Ad-Hoc|iPhoneSimulator.ActiveCfg = Release|Any CPU
		{968E3F4A-D974-4142-ADB6-F2107C24E9D3}.Ad-Hoc|Mixed Platforms.ActiveCfg = Release|Any CPU
		{968E3F4A-D974-4142-ADB6-F2107C24E9D3}.Ad-Hoc|Mixed Platforms.Build.0 = Release|Any CPU
		{968E3F4A-D974-4142-ADB6-F2107C24E9D3}.Ad-Hoc|Mixed Platforms.Deploy.0 = Release|Any CPU
		{968E3F4A-D974-4142-ADB6-F2107C24E9D3}.Ad-Hoc|x86.ActiveCfg = Release|Any CPU
		{968E3F4A-D974-4142-ADB6-F2107C24E9D3}.AppStore|Any CPU.ActiveCfg = Release|Any CPU
		{968E3F4A-D974-4142-ADB6-F2107C24E9D3}.AppStore|Any CPU.Build.0 = Release|Any CPU
		{968E3F4A-D974-4142-ADB6-F2107C24E9D3}.AppStore|Any CPU.Deploy.0 = Release|Any CPU
		{968E3F4A-D974-4142-ADB6-F2107C24E9D3}.AppStore|ARM.ActiveCfg = Release|Any CPU
		{968E3F4A-D974-4142-ADB6-F2107C24E9D3}.AppStore|iPhone.ActiveCfg = Release|Any CPU
		{968E3F4A-D974-4142-ADB6-F2107C24E9D3}.AppStore|iPhoneSimulator.ActiveCfg = Release|Any CPU
		{968E3F4A-D974-4142-ADB6-F2107C24E9D3}.AppStore|Mixed Platforms.ActiveCfg = Release|Any CPU
		{968E3F4A-D974-4142-ADB6-F2107C24E9D3}.AppStore|Mixed Platforms.Build.0 = Release|Any CPU
		{968E3F4A-D974-4142-ADB6-F2107C24E9D3}.AppStore|Mixed Platforms.Deploy.0 = Release|Any CPU
		{968E3F4A-D974-4142-ADB6-F2107C24E9D3}.AppStore|x86.ActiveCfg = Release|Any CPU
		{968E3F4A-D974-4142-ADB6-F2107C24E9D3}.Debug|Any CPU.ActiveCfg = Debug|Any CPU
		{968E3F4A-D974-4142-ADB6-F2107C24E9D3}.Debug|Any CPU.Build.0 = Debug|Any CPU
		{968E3F4A-D974-4142-ADB6-F2107C24E9D3}.Debug|Any CPU.Deploy.0 = Debug|Any CPU
		{968E3F4A-D974-4142-ADB6-F2107C24E9D3}.Debug|ARM.ActiveCfg = Debug|Any CPU
		{968E3F4A-D974-4142-ADB6-F2107C24E9D3}.Debug|iPhone.ActiveCfg = Debug|Any CPU
		{968E3F4A-D974-4142-ADB6-F2107C24E9D3}.Debug|iPhoneSimulator.ActiveCfg = Debug|Any CPU
		{968E3F4A-D974-4142-ADB6-F2107C24E9D3}.Debug|Mixed Platforms.ActiveCfg = Debug|Any CPU
		{968E3F4A-D974-4142-ADB6-F2107C24E9D3}.Debug|Mixed Platforms.Build.0 = Debug|Any CPU
		{968E3F4A-D974-4142-ADB6-F2107C24E9D3}.Debug|Mixed Platforms.Deploy.0 = Debug|Any CPU
		{968E3F4A-D974-4142-ADB6-F2107C24E9D3}.Debug|x86.ActiveCfg = Debug|Any CPU
		{968E3F4A-D974-4142-ADB6-F2107C24E9D3}.Release|Any CPU.ActiveCfg = Release|Any CPU
		{968E3F4A-D974-4142-ADB6-F2107C24E9D3}.Release|Any CPU.Build.0 = Release|Any CPU
		{968E3F4A-D974-4142-ADB6-F2107C24E9D3}.Release|Any CPU.Deploy.0 = Release|Any CPU
		{968E3F4A-D974-4142-ADB6-F2107C24E9D3}.Release|ARM.ActiveCfg = Release|Any CPU
		{968E3F4A-D974-4142-ADB6-F2107C24E9D3}.Release|iPhone.ActiveCfg = Release|Any CPU
		{968E3F4A-D974-4142-ADB6-F2107C24E9D3}.Release|iPhoneSimulator.ActiveCfg = Release|Any CPU
		{968E3F4A-D974-4142-ADB6-F2107C24E9D3}.Release|Mixed Platforms.ActiveCfg = Release|Any CPU
		{968E3F4A-D974-4142-ADB6-F2107C24E9D3}.Release|Mixed Platforms.Build.0 = Release|Any CPU
		{968E3F4A-D974-4142-ADB6-F2107C24E9D3}.Release|Mixed Platforms.Deploy.0 = Release|Any CPU
		{968E3F4A-D974-4142-ADB6-F2107C24E9D3}.Release|x86.ActiveCfg = Release|Any CPU
		{619EB341-382C-4DAB-928D-3EE80FC06D8B}.Ad-Hoc|Any CPU.ActiveCfg = Release|Any CPU
		{619EB341-382C-4DAB-928D-3EE80FC06D8B}.Ad-Hoc|Any CPU.Build.0 = Release|Any CPU
		{619EB341-382C-4DAB-928D-3EE80FC06D8B}.Ad-Hoc|Any CPU.Deploy.0 = Release|Any CPU
		{619EB341-382C-4DAB-928D-3EE80FC06D8B}.Ad-Hoc|ARM.ActiveCfg = Release|ARM
		{619EB341-382C-4DAB-928D-3EE80FC06D8B}.Ad-Hoc|ARM.Build.0 = Release|ARM
		{619EB341-382C-4DAB-928D-3EE80FC06D8B}.Ad-Hoc|ARM.Deploy.0 = Release|ARM
		{619EB341-382C-4DAB-928D-3EE80FC06D8B}.Ad-Hoc|iPhone.ActiveCfg = Release|Any CPU
		{619EB341-382C-4DAB-928D-3EE80FC06D8B}.Ad-Hoc|iPhoneSimulator.ActiveCfg = Release|Any CPU
		{619EB341-382C-4DAB-928D-3EE80FC06D8B}.Ad-Hoc|Mixed Platforms.ActiveCfg = Release|x86
		{619EB341-382C-4DAB-928D-3EE80FC06D8B}.Ad-Hoc|Mixed Platforms.Build.0 = Release|x86
		{619EB341-382C-4DAB-928D-3EE80FC06D8B}.Ad-Hoc|Mixed Platforms.Deploy.0 = Release|x86
		{619EB341-382C-4DAB-928D-3EE80FC06D8B}.Ad-Hoc|x86.ActiveCfg = Release|x86
		{619EB341-382C-4DAB-928D-3EE80FC06D8B}.Ad-Hoc|x86.Build.0 = Release|x86
		{619EB341-382C-4DAB-928D-3EE80FC06D8B}.Ad-Hoc|x86.Deploy.0 = Release|x86
		{619EB341-382C-4DAB-928D-3EE80FC06D8B}.AppStore|Any CPU.ActiveCfg = Release|Any CPU
		{619EB341-382C-4DAB-928D-3EE80FC06D8B}.AppStore|Any CPU.Build.0 = Release|Any CPU
		{619EB341-382C-4DAB-928D-3EE80FC06D8B}.AppStore|Any CPU.Deploy.0 = Release|Any CPU
		{619EB341-382C-4DAB-928D-3EE80FC06D8B}.AppStore|ARM.ActiveCfg = Release|ARM
		{619EB341-382C-4DAB-928D-3EE80FC06D8B}.AppStore|ARM.Build.0 = Release|ARM
		{619EB341-382C-4DAB-928D-3EE80FC06D8B}.AppStore|ARM.Deploy.0 = Release|ARM
		{619EB341-382C-4DAB-928D-3EE80FC06D8B}.AppStore|iPhone.ActiveCfg = Release|Any CPU
		{619EB341-382C-4DAB-928D-3EE80FC06D8B}.AppStore|iPhoneSimulator.ActiveCfg = Release|Any CPU
		{619EB341-382C-4DAB-928D-3EE80FC06D8B}.AppStore|Mixed Platforms.ActiveCfg = Release|x86
		{619EB341-382C-4DAB-928D-3EE80FC06D8B}.AppStore|Mixed Platforms.Build.0 = Release|x86
		{619EB341-382C-4DAB-928D-3EE80FC06D8B}.AppStore|Mixed Platforms.Deploy.0 = Release|x86
		{619EB341-382C-4DAB-928D-3EE80FC06D8B}.AppStore|x86.ActiveCfg = Release|x86
		{619EB341-382C-4DAB-928D-3EE80FC06D8B}.AppStore|x86.Build.0 = Release|x86
		{619EB341-382C-4DAB-928D-3EE80FC06D8B}.AppStore|x86.Deploy.0 = Release|x86
		{619EB341-382C-4DAB-928D-3EE80FC06D8B}.Debug|Any CPU.ActiveCfg = Debug|Any CPU
		{619EB341-382C-4DAB-928D-3EE80FC06D8B}.Debug|Any CPU.Build.0 = Debug|Any CPU
		{619EB341-382C-4DAB-928D-3EE80FC06D8B}.Debug|Any CPU.Deploy.0 = Debug|Any CPU
		{619EB341-382C-4DAB-928D-3EE80FC06D8B}.Debug|ARM.ActiveCfg = Debug|ARM
		{619EB341-382C-4DAB-928D-3EE80FC06D8B}.Debug|ARM.Build.0 = Debug|ARM
		{619EB341-382C-4DAB-928D-3EE80FC06D8B}.Debug|ARM.Deploy.0 = Debug|ARM
		{619EB341-382C-4DAB-928D-3EE80FC06D8B}.Debug|iPhone.ActiveCfg = Debug|Any CPU
		{619EB341-382C-4DAB-928D-3EE80FC06D8B}.Debug|iPhoneSimulator.ActiveCfg = Debug|Any CPU
		{619EB341-382C-4DAB-928D-3EE80FC06D8B}.Debug|Mixed Platforms.ActiveCfg = Debug|x86
		{619EB341-382C-4DAB-928D-3EE80FC06D8B}.Debug|Mixed Platforms.Build.0 = Debug|x86
		{619EB341-382C-4DAB-928D-3EE80FC06D8B}.Debug|Mixed Platforms.Deploy.0 = Debug|x86
		{619EB341-382C-4DAB-928D-3EE80FC06D8B}.Debug|x86.ActiveCfg = Debug|x86
		{619EB341-382C-4DAB-928D-3EE80FC06D8B}.Debug|x86.Build.0 = Debug|x86
		{619EB341-382C-4DAB-928D-3EE80FC06D8B}.Debug|x86.Deploy.0 = Debug|x86
		{619EB341-382C-4DAB-928D-3EE80FC06D8B}.Release|Any CPU.ActiveCfg = Release|Any CPU
		{619EB341-382C-4DAB-928D-3EE80FC06D8B}.Release|Any CPU.Build.0 = Release|Any CPU
		{619EB341-382C-4DAB-928D-3EE80FC06D8B}.Release|Any CPU.Deploy.0 = Release|Any CPU
		{619EB341-382C-4DAB-928D-3EE80FC06D8B}.Release|ARM.ActiveCfg = Release|ARM
		{619EB341-382C-4DAB-928D-3EE80FC06D8B}.Release|ARM.Build.0 = Release|ARM
		{619EB341-382C-4DAB-928D-3EE80FC06D8B}.Release|ARM.Deploy.0 = Release|ARM
		{619EB341-382C-4DAB-928D-3EE80FC06D8B}.Release|iPhone.ActiveCfg = Release|Any CPU
		{619EB341-382C-4DAB-928D-3EE80FC06D8B}.Release|iPhoneSimulator.ActiveCfg = Release|Any CPU
		{619EB341-382C-4DAB-928D-3EE80FC06D8B}.Release|Mixed Platforms.ActiveCfg = Release|x86
		{619EB341-382C-4DAB-928D-3EE80FC06D8B}.Release|Mixed Platforms.Build.0 = Release|x86
		{619EB341-382C-4DAB-928D-3EE80FC06D8B}.Release|Mixed Platforms.Deploy.0 = Release|x86
		{619EB341-382C-4DAB-928D-3EE80FC06D8B}.Release|x86.ActiveCfg = Release|x86
		{619EB341-382C-4DAB-928D-3EE80FC06D8B}.Release|x86.Build.0 = Release|x86
		{619EB341-382C-4DAB-928D-3EE80FC06D8B}.Release|x86.Deploy.0 = Release|x86
		{0FDAD0A8-650C-4E5D-A9CE-89190246B4B9}.Ad-Hoc|Any CPU.ActiveCfg = Release|Any CPU
		{0FDAD0A8-650C-4E5D-A9CE-89190246B4B9}.Ad-Hoc|Any CPU.Build.0 = Release|Any CPU
		{0FDAD0A8-650C-4E5D-A9CE-89190246B4B9}.Ad-Hoc|ARM.ActiveCfg = Release|Any CPU
		{0FDAD0A8-650C-4E5D-A9CE-89190246B4B9}.Ad-Hoc|iPhone.ActiveCfg = Release|Any CPU
		{0FDAD0A8-650C-4E5D-A9CE-89190246B4B9}.Ad-Hoc|iPhoneSimulator.ActiveCfg = Release|Any CPU
		{0FDAD0A8-650C-4E5D-A9CE-89190246B4B9}.Ad-Hoc|Mixed Platforms.ActiveCfg = Release|Any CPU
		{0FDAD0A8-650C-4E5D-A9CE-89190246B4B9}.Ad-Hoc|Mixed Platforms.Build.0 = Release|Any CPU
		{0FDAD0A8-650C-4E5D-A9CE-89190246B4B9}.Ad-Hoc|x86.ActiveCfg = Release|Any CPU
		{0FDAD0A8-650C-4E5D-A9CE-89190246B4B9}.AppStore|Any CPU.ActiveCfg = Release|Any CPU
		{0FDAD0A8-650C-4E5D-A9CE-89190246B4B9}.AppStore|Any CPU.Build.0 = Release|Any CPU
		{0FDAD0A8-650C-4E5D-A9CE-89190246B4B9}.AppStore|ARM.ActiveCfg = Release|Any CPU
		{0FDAD0A8-650C-4E5D-A9CE-89190246B4B9}.AppStore|iPhone.ActiveCfg = Release|Any CPU
		{0FDAD0A8-650C-4E5D-A9CE-89190246B4B9}.AppStore|iPhoneSimulator.ActiveCfg = Release|Any CPU
		{0FDAD0A8-650C-4E5D-A9CE-89190246B4B9}.AppStore|Mixed Platforms.ActiveCfg = Release|Any CPU
		{0FDAD0A8-650C-4E5D-A9CE-89190246B4B9}.AppStore|Mixed Platforms.Build.0 = Release|Any CPU
		{0FDAD0A8-650C-4E5D-A9CE-89190246B4B9}.AppStore|x86.ActiveCfg = Release|Any CPU
		{0FDAD0A8-650C-4E5D-A9CE-89190246B4B9}.Debug|Any CPU.ActiveCfg = Debug|Any CPU
		{0FDAD0A8-650C-4E5D-A9CE-89190246B4B9}.Debug|Any CPU.Build.0 = Debug|Any CPU
		{0FDAD0A8-650C-4E5D-A9CE-89190246B4B9}.Debug|ARM.ActiveCfg = Debug|Any CPU
		{0FDAD0A8-650C-4E5D-A9CE-89190246B4B9}.Debug|iPhone.ActiveCfg = Debug|Any CPU
		{0FDAD0A8-650C-4E5D-A9CE-89190246B4B9}.Debug|iPhoneSimulator.ActiveCfg = Debug|Any CPU
		{0FDAD0A8-650C-4E5D-A9CE-89190246B4B9}.Debug|Mixed Platforms.ActiveCfg = Debug|Any CPU
		{0FDAD0A8-650C-4E5D-A9CE-89190246B4B9}.Debug|Mixed Platforms.Build.0 = Debug|Any CPU
		{0FDAD0A8-650C-4E5D-A9CE-89190246B4B9}.Debug|x86.ActiveCfg = Debug|Any CPU
		{0FDAD0A8-650C-4E5D-A9CE-89190246B4B9}.Release|Any CPU.ActiveCfg = Release|Any CPU
		{0FDAD0A8-650C-4E5D-A9CE-89190246B4B9}.Release|Any CPU.Build.0 = Release|Any CPU
		{0FDAD0A8-650C-4E5D-A9CE-89190246B4B9}.Release|ARM.ActiveCfg = Release|Any CPU
		{0FDAD0A8-650C-4E5D-A9CE-89190246B4B9}.Release|iPhone.ActiveCfg = Release|Any CPU
		{0FDAD0A8-650C-4E5D-A9CE-89190246B4B9}.Release|iPhoneSimulator.ActiveCfg = Release|Any CPU
		{0FDAD0A8-650C-4E5D-A9CE-89190246B4B9}.Release|Mixed Platforms.ActiveCfg = Release|Any CPU
		{0FDAD0A8-650C-4E5D-A9CE-89190246B4B9}.Release|Mixed Platforms.Build.0 = Release|Any CPU
		{0FDAD0A8-650C-4E5D-A9CE-89190246B4B9}.Release|x86.ActiveCfg = Release|Any CPU
		{5C919FC4-AABC-401E-B2DB-4B98DC8BD3B5}.Ad-Hoc|Any CPU.ActiveCfg = Release|Any CPU
		{5C919FC4-AABC-401E-B2DB-4B98DC8BD3B5}.Ad-Hoc|Any CPU.Build.0 = Release|Any CPU
		{5C919FC4-AABC-401E-B2DB-4B98DC8BD3B5}.Ad-Hoc|ARM.ActiveCfg = Release|Any CPU
		{5C919FC4-AABC-401E-B2DB-4B98DC8BD3B5}.Ad-Hoc|iPhone.ActiveCfg = Release|Any CPU
		{5C919FC4-AABC-401E-B2DB-4B98DC8BD3B5}.Ad-Hoc|iPhoneSimulator.ActiveCfg = Release|Any CPU
		{5C919FC4-AABC-401E-B2DB-4B98DC8BD3B5}.Ad-Hoc|Mixed Platforms.ActiveCfg = Release|Any CPU
		{5C919FC4-AABC-401E-B2DB-4B98DC8BD3B5}.Ad-Hoc|Mixed Platforms.Build.0 = Release|Any CPU
		{5C919FC4-AABC-401E-B2DB-4B98DC8BD3B5}.Ad-Hoc|x86.ActiveCfg = Release|Any CPU
		{5C919FC4-AABC-401E-B2DB-4B98DC8BD3B5}.AppStore|Any CPU.ActiveCfg = Release|Any CPU
		{5C919FC4-AABC-401E-B2DB-4B98DC8BD3B5}.AppStore|Any CPU.Build.0 = Release|Any CPU
		{5C919FC4-AABC-401E-B2DB-4B98DC8BD3B5}.AppStore|ARM.ActiveCfg = Release|Any CPU
		{5C919FC4-AABC-401E-B2DB-4B98DC8BD3B5}.AppStore|iPhone.ActiveCfg = Release|Any CPU
		{5C919FC4-AABC-401E-B2DB-4B98DC8BD3B5}.AppStore|iPhoneSimulator.ActiveCfg = Release|Any CPU
		{5C919FC4-AABC-401E-B2DB-4B98DC8BD3B5}.AppStore|Mixed Platforms.ActiveCfg = Release|Any CPU
		{5C919FC4-AABC-401E-B2DB-4B98DC8BD3B5}.AppStore|Mixed Platforms.Build.0 = Release|Any CPU
		{5C919FC4-AABC-401E-B2DB-4B98DC8BD3B5}.AppStore|x86.ActiveCfg = Release|Any CPU
		{5C919FC4-AABC-401E-B2DB-4B98DC8BD3B5}.Debug|Any CPU.ActiveCfg = Debug|Any CPU
		{5C919FC4-AABC-401E-B2DB-4B98DC8BD3B5}.Debug|Any CPU.Build.0 = Debug|Any CPU
		{5C919FC4-AABC-401E-B2DB-4B98DC8BD3B5}.Debug|ARM.ActiveCfg = Debug|Any CPU
		{5C919FC4-AABC-401E-B2DB-4B98DC8BD3B5}.Debug|iPhone.ActiveCfg = Debug|Any CPU
		{5C919FC4-AABC-401E-B2DB-4B98DC8BD3B5}.Debug|iPhoneSimulator.ActiveCfg = Debug|Any CPU
		{5C919FC4-AABC-401E-B2DB-4B98DC8BD3B5}.Debug|Mixed Platforms.ActiveCfg = Debug|Any CPU
		{5C919FC4-AABC-401E-B2DB-4B98DC8BD3B5}.Debug|Mixed Platforms.Build.0 = Debug|Any CPU
		{5C919FC4-AABC-401E-B2DB-4B98DC8BD3B5}.Debug|x86.ActiveCfg = Debug|Any CPU
		{5C919FC4-AABC-401E-B2DB-4B98DC8BD3B5}.Release|Any CPU.ActiveCfg = Release|Any CPU
		{5C919FC4-AABC-401E-B2DB-4B98DC8BD3B5}.Release|Any CPU.Build.0 = Release|Any CPU
		{5C919FC4-AABC-401E-B2DB-4B98DC8BD3B5}.Release|ARM.ActiveCfg = Release|Any CPU
		{5C919FC4-AABC-401E-B2DB-4B98DC8BD3B5}.Release|iPhone.ActiveCfg = Release|Any CPU
		{5C919FC4-AABC-401E-B2DB-4B98DC8BD3B5}.Release|iPhoneSimulator.ActiveCfg = Release|Any CPU
		{5C919FC4-AABC-401E-B2DB-4B98DC8BD3B5}.Release|Mixed Platforms.ActiveCfg = Release|Any CPU
		{5C919FC4-AABC-401E-B2DB-4B98DC8BD3B5}.Release|Mixed Platforms.Build.0 = Release|Any CPU
		{5C919FC4-AABC-401E-B2DB-4B98DC8BD3B5}.Release|x86.ActiveCfg = Release|Any CPU
		{00F7E7F4-4AFE-4EA4-A815-EBBDB62C291E}.Ad-Hoc|Any CPU.ActiveCfg = Release|Any CPU
		{00F7E7F4-4AFE-4EA4-A815-EBBDB62C291E}.Ad-Hoc|Any CPU.Build.0 = Release|Any CPU
		{00F7E7F4-4AFE-4EA4-A815-EBBDB62C291E}.Ad-Hoc|ARM.ActiveCfg = Release|Any CPU
		{00F7E7F4-4AFE-4EA4-A815-EBBDB62C291E}.Ad-Hoc|iPhone.ActiveCfg = Release|Any CPU
		{00F7E7F4-4AFE-4EA4-A815-EBBDB62C291E}.Ad-Hoc|iPhoneSimulator.ActiveCfg = Release|Any CPU
		{00F7E7F4-4AFE-4EA4-A815-EBBDB62C291E}.Ad-Hoc|Mixed Platforms.ActiveCfg = Release|Any CPU
		{00F7E7F4-4AFE-4EA4-A815-EBBDB62C291E}.Ad-Hoc|Mixed Platforms.Build.0 = Release|Any CPU
		{00F7E7F4-4AFE-4EA4-A815-EBBDB62C291E}.Ad-Hoc|x86.ActiveCfg = Release|Any CPU
		{00F7E7F4-4AFE-4EA4-A815-EBBDB62C291E}.AppStore|Any CPU.ActiveCfg = Release|Any CPU
		{00F7E7F4-4AFE-4EA4-A815-EBBDB62C291E}.AppStore|Any CPU.Build.0 = Release|Any CPU
		{00F7E7F4-4AFE-4EA4-A815-EBBDB62C291E}.AppStore|ARM.ActiveCfg = Release|Any CPU
		{00F7E7F4-4AFE-4EA4-A815-EBBDB62C291E}.AppStore|iPhone.ActiveCfg = Release|Any CPU
		{00F7E7F4-4AFE-4EA4-A815-EBBDB62C291E}.AppStore|iPhoneSimulator.ActiveCfg = Release|Any CPU
		{00F7E7F4-4AFE-4EA4-A815-EBBDB62C291E}.AppStore|Mixed Platforms.ActiveCfg = Release|Any CPU
		{00F7E7F4-4AFE-4EA4-A815-EBBDB62C291E}.AppStore|Mixed Platforms.Build.0 = Release|Any CPU
		{00F7E7F4-4AFE-4EA4-A815-EBBDB62C291E}.AppStore|x86.ActiveCfg = Release|Any CPU
		{00F7E7F4-4AFE-4EA4-A815-EBBDB62C291E}.Debug|Any CPU.ActiveCfg = Debug|Any CPU
		{00F7E7F4-4AFE-4EA4-A815-EBBDB62C291E}.Debug|Any CPU.Build.0 = Debug|Any CPU
		{00F7E7F4-4AFE-4EA4-A815-EBBDB62C291E}.Debug|ARM.ActiveCfg = Debug|Any CPU
		{00F7E7F4-4AFE-4EA4-A815-EBBDB62C291E}.Debug|iPhone.ActiveCfg = Debug|Any CPU
		{00F7E7F4-4AFE-4EA4-A815-EBBDB62C291E}.Debug|iPhoneSimulator.ActiveCfg = Debug|Any CPU
		{00F7E7F4-4AFE-4EA4-A815-EBBDB62C291E}.Debug|Mixed Platforms.ActiveCfg = Debug|Any CPU
		{00F7E7F4-4AFE-4EA4-A815-EBBDB62C291E}.Debug|Mixed Platforms.Build.0 = Debug|Any CPU
		{00F7E7F4-4AFE-4EA4-A815-EBBDB62C291E}.Debug|x86.ActiveCfg = Debug|Any CPU
		{00F7E7F4-4AFE-4EA4-A815-EBBDB62C291E}.Release|Any CPU.ActiveCfg = Release|Any CPU
		{00F7E7F4-4AFE-4EA4-A815-EBBDB62C291E}.Release|Any CPU.Build.0 = Release|Any CPU
		{00F7E7F4-4AFE-4EA4-A815-EBBDB62C291E}.Release|ARM.ActiveCfg = Release|Any CPU
		{00F7E7F4-4AFE-4EA4-A815-EBBDB62C291E}.Release|iPhone.ActiveCfg = Release|Any CPU
		{00F7E7F4-4AFE-4EA4-A815-EBBDB62C291E}.Release|iPhoneSimulator.ActiveCfg = Release|Any CPU
		{00F7E7F4-4AFE-4EA4-A815-EBBDB62C291E}.Release|Mixed Platforms.ActiveCfg = Release|Any CPU
		{00F7E7F4-4AFE-4EA4-A815-EBBDB62C291E}.Release|Mixed Platforms.Build.0 = Release|Any CPU
		{00F7E7F4-4AFE-4EA4-A815-EBBDB62C291E}.Release|x86.ActiveCfg = Release|Any CPU
	EndGlobalSection
	GlobalSection(SolutionProperties) = preSolution
		HideSolutionNode = FALSE
	EndGlobalSection
	GlobalSection(NestedProjects) = preSolution
		{A2AA6F79-FA9C-40C6-BFE4-6EF8DD41EC9A} = {D97C4DF4-DBE1-41A9-AE65-834AA70F399B}
		{C7549DCC-4D93-4E48-872C-5595F480051D} = {D97C4DF4-DBE1-41A9-AE65-834AA70F399B}
		{968E3F4A-D974-4142-ADB6-F2107C24E9D3} = {D97C4DF4-DBE1-41A9-AE65-834AA70F399B}
		{619EB341-382C-4DAB-928D-3EE80FC06D8B} = {D97C4DF4-DBE1-41A9-AE65-834AA70F399B}
		{0FDAD0A8-650C-4E5D-A9CE-89190246B4B9} = {C30252BD-AAB2-41D0-9806-A998CA429A93}
		{5C919FC4-AABC-401E-B2DB-4B98DC8BD3B5} = {C30252BD-AAB2-41D0-9806-A998CA429A93}
		{00F7E7F4-4AFE-4EA4-A815-EBBDB62C291E} = {C30252BD-AAB2-41D0-9806-A998CA429A93}
	EndGlobalSection
EndGlobal
